
Microsoft Visual Studio Solution File, Format Version 12.00
# Visual Studio Version 16
VisualStudioVersion = 16.0.31025.194
MinimumVisualStudioVersion = 10.0.40219.1
Project("{FAE04EC0-301F-11D3-BF4B-00C04F79EFBC}") = "IntegratingTextAndGraphics", "IntegratingTextAndGraphics.csproj", "{02BBF53E-331F-4FD6-B12C-2AD3696CADDF}"
EndProject
Global
	GlobalSection(SolutionConfigurationPlatforms) = preSolution
		Debug|Any CPU = Debug|Any CPU
		Release|Any CPU = Release|Any CPU
	EndGlobalSection
	GlobalSection(ProjectConfigurationPlatforms) = postSolution
		{02BBF53E-331F-4FD6-B12C-2AD3696CADDF}.Debug|Any CPU.ActiveCfg = Debug|Any CPU
		{02BBF53E-331F-4FD6-B12C-2AD3696CADDF}.Debug|Any CPU.Build.0 = Debug|Any CPU
		{02BBF53E-331F-4FD6-B12C-2AD3696CADDF}.Release|Any CPU.ActiveCfg = Release|Any CPU
		{02BBF53E-331F-4FD6-B12C-2AD3696CADDF}.Release|Any CPU.Build.0 = Release|Any CPU
	EndGlobalSection
	GlobalSection(SolutionProperties) = preSolution
		HideSolutionNode = FALSE
	EndGlobalSection
	GlobalSection(ExtensibilityGlobals) = postSolution
		SolutionGuid = {F07A1889-741E-47E3-9E9D-34FF913E9C64}
	EndGlobalSection
EndGlobal
